schema: '2.0'
stages:
  data_ingestion:
    cmd: python src/data_ingestion.py
    deps:
    - path: Experiments/spam.csv
      hash: md5
      md5: f893c7036b34a06ea7d452ea88c23e32
      size: 503665
    - path: src/data_ingestion.py
      hash: md5
      md5: d8be9ae94aaa86f84a818b8119b6e4d5
      size: 2984
    outs:
    - path: data/test.csv
      hash: md5
      md5: 73818f32c3e26776ca5da09f5145b767
      size: 47667
    - path: data/train.csv
      hash: md5
      md5: 0ead1aee46255eb46c3b9ed56d536b9f
      size: 437179
  data_preprocessing:
    cmd: python src/data_preprocessing.py
    deps:
    - path: data/test.csv
      hash: md5
      md5: 73818f32c3e26776ca5da09f5145b767
      size: 47667
    - path: data/train.csv
      hash: md5
      md5: 0ead1aee46255eb46c3b9ed56d536b9f
      size: 437179
    - path: src/data_preprocessing.py
      hash: md5
      md5: af921e97a9f2249c4adc3306847296bf
      size: 2414
    outs:
    - path: data/intermin/preprocessed_test.csv
      hash: md5
      md5: a520edb6aa864b2f9f1394371821c1f6
      size: 39387
    - path: data/intermin/preprocessed_train.csv
      hash: md5
      md5: d0cd6e42465ec3c41e48622f503eac4f
      size: 336547
  feature_engineering:
    cmd: python src/feature_engineering.py
    deps:
    - path: data/intermin/preprocessed_test.csv
      hash: md5
      md5: a520edb6aa864b2f9f1394371821c1f6
      size: 39387
    - path: data/intermin/preprocessed_train.csv
      hash: md5
      md5: d0cd6e42465ec3c41e48622f503eac4f
      size: 336547
    - path: src/feature_engineering.py
      hash: md5
      md5: 304a38c4bd97a99f950c3ea34279fb43
      size: 2962
    outs:
    - path: data/final/final_test.csv
      hash: md5
      md5: 44a5903584eb9b73e948be67a781666d
      size: 1189483
    - path: data/final/final_train.csv
      hash: md5
      md5: 19fa84dd8d08ab74b3a83a2404b61ac7
      size: 10038729
  model_building:
    cmd: python src/model_building.py
    deps:
    - path: data/final/final_train.csv
      hash: md5
      md5: 19fa84dd8d08ab74b3a83a2404b61ac7
      size: 10038729
    - path: src/model_building.py
      hash: md5
      md5: 6eb856f84ec71a2ea1e906b6b207890c
      size: 2913
    outs:
    - path: models/model.pkl
      hash: md5
      md5: 463aaad379045d976b65c8980acda756
      size: 6127039
  model_evaluation:
    cmd: python src/model_evaluation.py
    deps:
    - path: data/final/final_test.csv
      hash: md5
      md5: 44a5903584eb9b73e948be67a781666d
      size: 1189483
    - path: models/model.pkl
      hash: md5
      md5: 463aaad379045d976b65c8980acda756
      size: 6127039
    - path: src/model_evaluation.py
      hash: md5
      md5: 85a52a747f1d999bb82e0288e064e800
      size: 1392
